
Microsoft Visual Studio Solution File, Format Version 12.00
Project("{FAE04EC0-301F-11D3-BF4B-00C04F79EFBC}") = "Kingscode Spa Authentication", "Kingscode Spa Authentication\Kingscode Spa Authentication.csproj", "{950108CE-8781-4B9F-9CFC-49A7F17010C3}"
EndProject
Project("{FAE04EC0-301F-11D3-BF4B-00C04F79EFBC}") = "Tests", "Tests\Tests.csproj", "{30F336B7-0FB4-4643-AA16-51228A223E3D}"
EndProject
Global
	GlobalSection(SolutionConfigurationPlatforms) = preSolution
		Debug|Any CPU = Debug|Any CPU
		Release|Any CPU = Release|Any CPU
	EndGlobalSection
	GlobalSection(ProjectConfigurationPlatforms) = postSolution
		{950108CE-8781-4B9F-9CFC-49A7F17010C3}.Debug|Any CPU.ActiveCfg = Debug|Any CPU
		{950108CE-8781-4B9F-9CFC-49A7F17010C3}.Debug|Any CPU.Build.0 = Debug|Any CPU
		{950108CE-8781-4B9F-9CFC-49A7F17010C3}.Release|Any CPU.ActiveCfg = Release|Any CPU
		{950108CE-8781-4B9F-9CFC-49A7F17010C3}.Release|Any CPU.Build.0 = Release|Any CPU
		{30F336B7-0FB4-4643-AA16-51228A223E3D}.Debug|Any CPU.ActiveCfg = Debug|Any CPU
		{30F336B7-0FB4-4643-AA16-51228A223E3D}.Debug|Any CPU.Build.0 = Debug|Any CPU
		{30F336B7-0FB4-4643-AA16-51228A223E3D}.Release|Any CPU.ActiveCfg = Release|Any CPU
		{30F336B7-0FB4-4643-AA16-51228A223E3D}.Release|Any CPU.Build.0 = Release|Any CPU
	EndGlobalSection
EndGlobal
